{
	"name": "tsgobug",
	"version": "0.0.0",
	"lockfileVersion": 3,
	"requires": true,
	"packages": {
		"": {
			"name": "tsgobug",
			"version": "0.0.0",
			"dependencies": {
				"@typescript/native-preview": "7.0.0-dev.20260524.1",
				"typescript": "6.0.3"
			}
		},
		"node_modules/@typescript/native-preview": {
			"version": "7.0.0-dev.20260524.1",
			"resolved": "https://registry.npmjs.org/@typescript/native-preview/-/native-preview-7.0.0-dev.20260524.1.tgz",
			"integrity": "sha512-L4YviXl4FVYt4V9vkUKRCZW1DcsUbLRaKC4gxsYmBJQqB262mtUo8eqjKqElgZNIpKwYEAAYsBDrVmNhy6ze2w==",
			"license": "Apache-2.0",
			"bin": {
				"tsgo": "bin/tsgo.js"
			},
			"engines": {
				"node": ">=16.20.0"
			},
			"optionalDependencies": {
				"@typescript/native-preview-darwin-arm64": "7.0.0-dev.20260524.1",
				"@typescript/native-preview-darwin-x64": "7.0.0-dev.20260524.1",
				"@typescript/native-preview-linux-arm": "7.0.0-dev.20260524.1",
				"@typescript/native-preview-linux-arm64": "7.0.0-dev.20260524.1",
				"@typescript/native-preview-linux-x64": "7.0.0-dev.20260524.1",
				"@typescript/native-preview-win32-arm64": "7.0.0-dev.20260524.1",
				"@typescript/native-preview-win32-x64": "7.0.0-dev.20260524.1"
			}
		},
		"node_modules/@typescript/native-preview-darwin-arm64": {
			"version": "7.0.0-dev.20260524.1",
			"resolved": "https://registry.npmjs.org/@typescript/native-preview-darwin-arm64/-/native-preview-darwin-arm64-7.0.0-dev.20260524.1.tgz",
			"integrity": "sha512-dIaYmijy9/tdrxHTxlnfwzP+AC6iAycUYGChOowLR3bVSbKhz4DUJZGMaodzGCtBEWSRUwx0MK1Sa1zBpFbM5g==",
			"cpu": [
				"arm64"
			],
			"license": "Apache-2.0",
			"optional": true,
			"os": [
				"darwin"
			],
			"engines": {
				"node": ">=16.20.0"
			}
		},
		"node_modules/@typescript/native-preview-darwin-x64": {
			"version": "7.0.0-dev.20260524.1",
			"resolved": "https://registry.npmjs.org/@typescript/native-preview-darwin-x64/-/native-preview-darwin-x64-7.0.0-dev.20260524.1.tgz",
			"integrity": "sha512-HjfPFOSQCymn5Iu07xoySqfK5lwXthEWN1vltO5SDaFYVRasK6P3DBRe4QL0AiSGr8tRfA3x7BdRPjPVu94Epg==",
			"cpu": [
				"x64"
			],
			"license": "Apache-2.0",
			"optional": true,
			"os": [
				"darwin"
			],
			"engines": {
				"node": ">=16.20.0"
			}
		},
		"node_modules/@typescript/native-preview-linux-arm": {
			"version": "7.0.0-dev.20260524.1",
			"resolved": "https://registry.npmjs.org/@typescript/native-preview-linux-arm/-/native-preview-linux-arm-7.0.0-dev.20260524.1.tgz",
			"integrity": "sha512-gXzD1BNpPUSAv12a9UvxLTX/+WdoC34skLw6hDLk1kv3VYbd5LecQzEIb7u+WHCsNuXVXffk79+BZP7IQNS1aw==",
			"cpu": [
				"arm"
			],
			"license": "Apache-2.0",
			"optional": true,
			"os": [
				"linux"
			],
			"engines": {
				"node": ">=16.20.0"
			}
		},
		"node_modules/@typescript/native-preview-linux-arm64": {
			"version": "7.0.0-dev.20260524.1",
			"resolved": "https://registry.npmjs.org/@typescript/native-preview-linux-arm64/-/native-preview-linux-arm64-7.0.0-dev.20260524.1.tgz",
			"integrity": "sha512-dH+zYjBs2ajcIRMmb8YkapY7TXzU/yX6HITrXhuoDov+mun7nCNfiRRmRBeqbGxl5JM8mUugBl/yyyhFWjIWdQ==",
			"cpu": [
				"arm64"
			],
			"license": "Apache-2.0",
			"optional": true,
			"os": [
				"linux"
			],
			"engines": {
				"node": ">=16.20.0"
			}
		},
		"node_modules/@typescript/native-preview-linux-x64": {
			"version": "7.0.0-dev.20260524.1",
			"resolved": "https://registry.npmjs.org/@typescript/native-preview-linux-x64/-/native-preview-linux-x64-7.0.0-dev.20260524.1.tgz",
			"integrity": "sha512-Fr0A8RPBMXco9IIXel598hC25LE1A5wpB33mBhwimlIQe58MMCAeW+wDHXsmLmF2NiFVT1vr1tjMGmEMMdYdsg==",
			"cpu": [
				"x64"
			],
			"license": "Apache-2.0",
			"optional": true,
			"os": [
				"linux"
			],
			"engines": {
				"node": ">=16.20.0"
			}
		},
		"node_modules/@typescript/native-preview-win32-arm64": {
			"version": "7.0.0-dev.20260524.1",
			"resolved": "https://registry.npmjs.org/@typescript/native-preview-win32-arm64/-/native-preview-win32-arm64-7.0.0-dev.20260524.1.tgz",
			"integrity": "sha512-AhFD6bct2RWeZxONLEvaKPlu+c+/TNejj7ntztHWREaq+lrjz8Qg3tXryah2K66EEmYY0TooapfWUWXWe8i+VQ==",
			"cpu": [
				"arm64"
			],
			"license": "Apache-2.0",
			"optional": true,
			"os": [
				"win32"
			],
			"engines": {
				"node": ">=16.20.0"
			}
		},
		"node_modules/@typescript/native-preview-win32-x64": {
			"version": "7.0.0-dev.20260524.1",
			"resolved": "https://registry.npmjs.org/@typescript/native-preview-win32-x64/-/native-preview-win32-x64-7.0.0-dev.20260524.1.tgz",
			"integrity": "sha512-3VE5kBH2y7vYpj83X9iqGbNR8gwnlQlTjzLKJBzuyfTJPZ9R/vM4txvpuTDRJo18JGzEq4FUjKg7yqpf9ajb2g==",
			"cpu": [
				"x64"
			],
			"license": "Apache-2.0",
			"optional": true,
			"os": [
				"win32"
			],
			"engines": {
				"node": ">=16.20.0"
			}
		},
		"node_modules/typescript": {
			"version": "6.0.3",
			"resolved": "https://registry.npmjs.org/typescript/-/typescript-6.0.3.tgz",
			"integrity": "sha512-y2TvuxSZPDyQakkFRPZHKFm+KKVqIisdg9/CZwm9ftvKXLP8NRWj38/ODjNbr43SsoXqNuAisEf1GdCxqWcdBw==",
			"license": "Apache-2.0",
			"bin": {
				"tsc": "bin/tsc",
				"tsserver": "bin/tsserver"
			},
			"engines": {
				"node": ">=14.17"
			}
		}
	}
}
